// !$*UTF8*$!
{
	archiveVersion = 1;
	classes = {
	};
	objectVersion = 46;
	objects = {

/* Begin PBXBuildFile section */
		520909911876AFCF00385605 /* Customize.tiff in Resources */ = {isa = PBXBuildFile; fileRef = 520909901876AFCF00385605 /* Customize.tiff */; };
		520909951878AEEB00385605 /* SentMailboxLarge.png in Resources */ = {isa = PBXBuildFile; fileRef = 520909941878AEEB00385605 /* SentMailboxLarge.png */; };
		52204EC4189E356E002BD34E /* LogNavigatorWindowController.m in Sources */ = {isa = PBXBuildFile; fileRef = 52204EC2189E356C002BD34E /* LogNavigatorWindowController.m */; };
		52204EC5189E356E002BD34E /* LogNavigatorWindowController.xib in Resources */ = {isa = PBXBuildFile; fileRef = 52204EC3189E356D002BD34E /* LogNavigatorWindowController.xib */; };
		52204ECC189E37E1002BD34E /* PFMoveApplication.m in Sources */ = {isa = PBXBuildFile; fileRef = 52204EC7189E37DC002BD34E /* PFMoveApplication.m */; };
		52204ECD189E37E1002BD34E /* LetsMoveAppDelegate.m in Sources */ = {isa = PBXBuildFile; fileRef = 52204EC9189E37DF002BD34E /* LetsMoveAppDelegate.m */; };
		52204ECE189E37E1002BD34E /* NSString+SymlinksAndAliases.m in Sources */ = {isa = PBXBuildFile; fileRef = 52204ECB189E37E0002BD34E /* NSString+SymlinksAndAliases.m */; };
		52204ED8189E7FF8002BD34E /* BuyBread.m in Sources */ = {isa = PBXBuildFile; fileRef = 52204ED6189E7FF7002BD34E /* BuyBread.m */; };
		52204ED9189E7FF8002BD34E /* BuyBread.xib in Resources */ = {isa = PBXBuildFile; fileRef = 52204ED7189E7FF8002BD34E /* BuyBread.xib */; };
		525422C619152ED900476112 /* Security.framework in Frameworks */ = {isa = PBXBuildFile; fileRef = 525422C519152ED900476112 /* Security.framework */; settings = {ATTRIBUTES = (Required, ); }; };
		525422CA19152FF400476112 /* Sparkle.framework in Frameworks */ = {isa = PBXBuildFile; fileRef = 525422C919152FF400476112 /* Sparkle.framework */; settings = {ATTRIBUTES = (Weak, ); }; };
		52A2773D1858913B00B102FF /* Cocoa.framework in Frameworks */ = {isa = PBXBuildFile; fileRef = 52A2773C1858913B00B102FF /* Cocoa.framework */; };
		52A277471858913B00B102FF /* InfoPlist.strings in Resources */ = {isa = PBXBuildFile; fileRef = 52A277451858913B00B102FF /* InfoPlist.strings */; };
		52A277491858913B00B102FF /* main.m in Sources */ = {isa = PBXBuildFile; fileRef = 52A277481858913B00B102FF /* main.m */; };
		52A2774D1858913B00B102FF /* Credits.rtf in Resources */ = {isa = PBXBuildFile; fileRef = 52A2774B1858913B00B102FF /* Credits.rtf */; };
		52A277501858913B00B102FF /* AppDelegate.m in Sources */ = {isa = PBXBuildFile; fileRef = 52A2774F1858913B00B102FF /* AppDelegate.m */; };
		52A277531858913B00B102FF /* MainMenu.xib in Resources */ = {isa = PBXBuildFile; fileRef = 52A277511858913B00B102FF /* MainMenu.xib */; };
		52A27765185891FA00B102FF /* MenuItems.m in Sources */ = {isa = PBXBuildFile; fileRef = 52A2775E185891FA00B102FF /* MenuItems.m */; };
		52A27766185891FA00B102FF /* Menulet.m in Sources */ = {isa = PBXBuildFile; fileRef = 52A27760185891FA00B102FF /* Menulet.m */; };
		52A27767185891FA00B102FF /* Preferences.m in Sources */ = {isa = PBXBuildFile; fileRef = 52A27762185891FA00B102FF /* Preferences.m */; };
		52A27768185891FA00B102FF /* Tasks.m in Sources */ = {isa = PBXBuildFile; fileRef = 52A27764185891FA00B102FF /* Tasks.m */; };
		52A277761858920500B102FF /* Temps in Resources */ = {isa = PBXBuildFile; fileRef = 52A277691858920500B102FF /* Temps */; };
		52A277771858920500B102FF /* ** Swapfile.sh in Resources */ = {isa = PBXBuildFile; fileRef = 52A2776A1858920500B102FF /* ** Swapfile.sh */; };
		52A277781858920500B102FF /* CPUUsage.sh in Resources */ = {isa = PBXBuildFile; fileRef = 52A2776B1858920500B102FF /* CPUUsage.sh */; };
		52A277791858920500B102FF /* Processes.sh in Resources */ = {isa = PBXBuildFile; fileRef = 52A2776C1858920500B102FF /* Processes.sh */; };
		52A2777A1858920500B102FF /* DateTime.sh in Resources */ = {isa = PBXBuildFile; fileRef = 52A2776D1858920500B102FF /* DateTime.sh */; };
		52A2777B1858920500B102FF /* IPAddress.sh in Resources */ = {isa = PBXBuildFile; fileRef = 52A2776E1858920500B102FF /* IPAddress.sh */; };
		52A2777C1858920500B102FF /* MailIP.sh in Resources */ = {isa = PBXBuildFile; fileRef = 52A2776F1858920500B102FF /* MailIP.sh */; };
		52A2777D1858920500B102FF /* Temperature.sh in Resources */ = {isa = PBXBuildFile; fileRef = 52A277701858920500B102FF /* Temperature.sh */; };
		52A2777E1858920500B102FF /* Uptime.sh in Resources */ = {isa = PBXBuildFile; fileRef = 52A277711858920500B102FF /* Uptime.sh */; };
		52A2777F1858920500B102FF /* UsedSpace.sh in Resources */ = {isa = PBXBuildFile; fileRef = 52A277721858920500B102FF /* UsedSpace.sh */; };
		52A277801858920500B102FF /* Nice.sh in Resources */ = {isa = PBXBuildFile; fileRef = 52A277731858920500B102FF /* Nice.sh */; };
		52A277811858920500B102FF /* CPU.sh in Resources */ = {isa = PBXBuildFile; fileRef = 52A277741858920500B102FF /* CPU.sh */; };
		52A277821858920500B102FF /* RAM.sh in Resources */ = {isa = PBXBuildFile; fileRef = 52A277751858920500B102FF /* RAM.sh */; };
		52A277991858926700B102FF /* Activity Monitor.png in Resources */ = {isa = PBXBuildFile; fileRef = 52A277831858926700B102FF /* Activity Monitor.png */; };
		52A2779A1858926700B102FF /* Batch Button.png in Resources */ = {isa = PBXBuildFile; fileRef = 52A277841858926700B102FF /* Batch Button.png */; };
		52A2779B1858926700B102FF /* Batch.tiff in Resources */ = {isa = PBXBuildFile; fileRef = 52A277851858926700B102FF /* Batch.tiff */; };
		52A2779C1858926700B102FF /* BigLock.png in Resources */ = {isa = PBXBuildFile; fileRef = 52A277861858926700B102FF /* BigLock.png */; };
		52A2779D1858926700B102FF /* Clean Button.png in Resources */ = {isa = PBXBuildFile; fileRef = 52A277871858926700B102FF /* Clean Button.png */; };
		52A2779E1858926700B102FF /* Clean.tiff in Resources */ = {isa = PBXBuildFile; fileRef = 52A277881858926700B102FF /* Clean.tiff */; };
		52A2779F1858926700B102FF /* Console.tiff in Resources */ = {isa = PBXBuildFile; fileRef = 52A277891858926700B102FF /* Console.tiff */; };
		52A277A01858926700B102FF /* Deep Batch Button.png in Resources */ = {isa = PBXBuildFile; fileRef = 52A2778A1858926700B102FF /* Deep Batch Button.png */; };
		52A277A11858926700B102FF /* Deep Batch.png in Resources */ = {isa = PBXBuildFile; fileRef = 52A2778B1858926700B102FF /* Deep Batch.png */; };
		52A277A21858926700B102FF /* Deep Clean.png in Resources */ = {isa = PBXBuildFile; fileRef = 52A2778C1858926700B102FF /* Deep Clean.png */; };
		52A277A31858926700B102FF /* General.tiff in Resources */ = {isa = PBXBuildFile; fileRef = 52A2778D1858926700B102FF /* General.tiff */; };
		52A277A41858926700B102FF /* Maintance.png in Resources */ = {isa = PBXBuildFile; fileRef = 52A2778E1858926700B102FF /* Maintance.png */; };
		52A277A51858926700B102FF /* Maintenance Button Pressed.png in Resources */ = {isa = PBXBuildFile; fileRef = 52A2778F1858926700B102FF /* Maintenance Button Pressed.png */; };
		52A277A61858926700B102FF /* Maintenance Button.png in Resources */ = {isa = PBXBuildFile; fileRef = 52A277901858926700B102FF /* Maintenance Button.png */; };
		52A277A71858926700B102FF /* Picture 1.png in Resources */ = {isa = PBXBuildFile; fileRef = 52A277911858926700B102FF /* Picture 1.png */; };
		52A277A81858926700B102FF /* Reports.tiff in Resources */ = {isa = PBXBuildFile; fileRef = 52A277921858926700B102FF /* Reports.tiff */; };
		52A277A91858926700B102FF /* Security.tiff in Resources */ = {isa = PBXBuildFile; fileRef = 52A277931858926700B102FF /* Security.tiff */; };
		52A277AA1858926700B102FF /* SoftwareUpdates.tiff in Resources */ = {isa = PBXBuildFile; fileRef = 52A277941858926700B102FF /* SoftwareUpdates.tiff */; };
		52A277AB1858926700B102FF /* StatusMenuIcon.tiff in Resources */ = {isa = PBXBuildFile; fileRef = 52A277951858926700B102FF /* StatusMenuIcon.tiff */; };
		52A277AC1858926700B102FF /* StatusMenuIconAlt.tiff in Resources */ = {isa = PBXBuildFile; fileRef = 52A277961858926700B102FF /* StatusMenuIconAlt.tiff */; };
		52A277AD1858926700B102FF /* Timer.tiff in Resources */ = {isa = PBXBuildFile; fileRef = 52A277971858926700B102FF /* Timer.tiff */; };
		52A277B11858927E00B102FF /* LockClose.aif in Resources */ = {isa = PBXBuildFile; fileRef = 52A277AF1858927E00B102FF /* LockClose.aif */; };
		52A277B21858927E00B102FF /* LockOpen.aif in Resources */ = {isa = PBXBuildFile; fileRef = 52A277B01858927E00B102FF /* LockOpen.aif */; };
		52B246841874418C007AE42E /* Dockless.sh in Resources */ = {isa = PBXBuildFile; fileRef = 52B246831874418C007AE42E /* Dockless.sh */; };
		52B24686187599E1007AE42E /* Dockfull.sh in Resources */ = {isa = PBXBuildFile; fileRef = 52B24685187599E1007AE42E /* Dockfull.sh */; };
		52B7E87F185B4433002087EC /* com.use-software.Promus.plist in Resources */ = {isa = PBXBuildFile; fileRef = 52B7E87E185B4433002087EC /* com.use-software.Promus.plist */; };
		52B7E886185F11F0002087EC /* ActivityMonitor.m in Sources */ = {isa = PBXBuildFile; fileRef = 52B7E883185F11F0002087EC /* ActivityMonitor.m */; };
		52B7E887185F11F0002087EC /* Snapshots.m in Sources */ = {isa = PBXBuildFile; fileRef = 52B7E885185F11F0002087EC /* Snapshots.m */; };
		52B7E889185F1205002087EC /* com.USE-Software.Promus.ActivityMonitorSaves.plist in Resources */ = {isa = PBXBuildFile; fileRef = 52B7E888185F1205002087EC /* com.USE-Software.Promus.ActivityMonitorSaves.plist */; };
		52B7E893185F1B8C002087EC /* AMCPU.sh in Resources */ = {isa = PBXBuildFile; fileRef = 52B7E88C185F1B8C002087EC /* AMCPU.sh */; };
		52B7E896185F1B8C002087EC /* AMNice.sh in Resources */ = {isa = PBXBuildFile; fileRef = 52B7E88F185F1B8C002087EC /* AMNice.sh */; };
		52B7E897185F1B8C002087EC /* AMProcesses.sh in Resources */ = {isa = PBXBuildFile; fileRef = 52B7E890185F1B8C002087EC /* AMProcesses.sh */; };
		52B7E898185F1B8C002087EC /* AMRAM.sh in Resources */ = {isa = PBXBuildFile; fileRef = 52B7E891185F1B8C002087EC /* AMRAM.sh */; };
		52C3964B1870912A007E2501 /* DuplicateScanner.pl in Resources */ = {isa = PBXBuildFile; fileRef = 52C3964A1870912A007E2501 /* DuplicateScanner.pl */; };
		52C3A49418A1698700BD87EA /* dsa_pub.pem in Resources */ = {isa = PBXBuildFile; fileRef = 52C3A49318A1698700BD87EA /* dsa_pub.pem */; };
/* End PBXBuildFile section */

/* Begin PBXFileReference section */
		520909901876AFCF00385605 /* Customize.tiff */ = {isa = PBXFileReference; lastKnownFileType = image.tiff; path = Customize.tiff; sourceTree = "<group>"; };
		520909941878AEEB00385605 /* SentMailboxLarge.png */ = {isa = PBXFileReference; lastKnownFileType = image.png; path = SentMailboxLarge.png; sourceTree = "<group>"; };
		52204EC1189E356C002BD34E /* LogNavigatorWindowController.h */ = {isa = PBXFileReference; fileEncoding = 4; lastKnownFileType = sourcecode.c.h; path = LogNavigatorWindowController.h; sourceTree = "<group>"; };
		52204EC2189E356C002BD34E /* LogNavigatorWindowController.m */ = {isa = PBXFileReference; fileEncoding = 4; lastKnownFileType = sourcecode.c.objc; path = LogNavigatorWindowController.m; sourceTree = "<group>"; };
		52204EC3189E356D002BD34E /* LogNavigatorWindowController.xib */ = {isa = PBXFileReference; fileEncoding = 4; lastKnownFileType = file.xib; path = LogNavigatorWindowController.xib; sourceTree = "<group>"; };
		52204EC6189E37DB002BD34E /* PFMoveApplication.h */ = {isa = PBXFileReference; fileEncoding = 4; lastKnownFileType = sourcecode.c.h; path = PFMoveApplication.h; sourceTree = "<group>"; };
		52204EC7189E37DC002BD34E /* PFMoveApplication.m */ = {isa = PBXFileReference; fileEncoding = 4; lastKnownFileType = sourcecode.c.objc; path = PFMoveApplication.m; sourceTree = "<group>"; };
		52204EC8189E37DE002BD34E /* LetsMoveAppDelegate.h */ = {isa = PBXFileReference; fileEncoding = 4; lastKnownFileType = sourcecode.c.h; path = LetsMoveAppDelegate.h; sourceTree = "<group>"; };
		52204EC9189E37DF002BD34E /* LetsMoveAppDelegate.m */ = {isa = PBXFileReference; fileEncoding = 4; lastKnownFileType = sourcecode.c.objc; path = LetsMoveAppDelegate.m; sourceTree = "<group>"; };
		52204ECA189E37E0002BD34E /* NSString+SymlinksAndAliases.h */ = {isa = PBXFileReference; fileEncoding = 4; lastKnownFileType = sourcecode.c.h; path = "NSString+SymlinksAndAliases.h"; sourceTree = "<group>"; };
		52204ECB189E37E0002BD34E /* NSString+SymlinksAndAliases.m */ = {isa = PBXFileReference; fileEncoding = 4; lastKnownFileType = sourcecode.c.objc; path = "NSString+SymlinksAndAliases.m"; sourceTree = "<group>"; };
		52204ED5189E7FF6002BD34E /* BuyBread.h */ = {isa = PBXFileReference; fileEncoding = 4; lastKnownFileType = sourcecode.c.h; path = BuyBread.h; sourceTree = "<group>"; };
		52204ED6189E7FF7002BD34E /* BuyBread.m */ = {isa = PBXFileReference; fileEncoding = 4; lastKnownFileType = sourcecode.c.objc; path = BuyBread.m; sourceTree = "<group>"; };
		52204ED7189E7FF8002BD34E /* BuyBread.xib */ = {isa = PBXFileReference; fileEncoding = 4; lastKnownFileType = file.xib; path = BuyBread.xib; sourceTree = "<group>"; };
		525422C519152ED900476112 /* Security.framework */ = {isa = PBXFileReference; lastKnownFileType = wrapper.framework; name = Security.framework; path = /System/Library/Frameworks/Security.framework; sourceTree = "<absolute>"; };
		525422C919152FF400476112 /* Sparkle.framework */ = {isa = PBXFileReference; lastKnownFileType = wrapper.framework; path = Sparkle.framework; sourceTree = "<group>"; };
		52A277391858913B00B102FF /* Promus.app */ = {isa = PBXFileReference; explicitFileType = wrapper.application; includeInIndex = 0; path = Promus.app; sourceTree = BUILT_PRODUCTS_DIR; };
		52A2773C1858913B00B102FF /* Cocoa.framework */ = {isa = PBXFileReference; lastKnownFileType = wrapper.framework; name = Cocoa.framework; path = System/Library/Frameworks/Cocoa.framework; sourceTree = SDKROOT; };
		52A2773F1858913B00B102FF /* AppKit.framework */ = {isa = PBXFileReference; lastKnownFileType = wrapper.framework; name = AppKit.framework; path = System/Library/Frameworks/AppKit.framework; sourceTree = SDKROOT; };
		52A277411858913B00B102FF /* Foundation.framework */ = {isa = PBXFileReference; lastKnownFileType = wrapper.framework; name = Foundation.framework; path = System/Library/Frameworks/Foundation.framework; sourceTree = SDKROOT; };
		52A277441858913B00B102FF /* Promus-Info.plist */ = {isa = PBXFileReference; lastKnownFileType = text.plist.xml; path = "Promus-Info.plist"; sourceTree = "<group>"; };
		52A277461858913B00B102FF /* en */ = {isa = PBXFileReference; lastKnownFileType = text.plist.strings; name = en; path = en.lproj/InfoPlist.strings; sourceTree = "<group>"; };
		52A277481858913B00B102FF /* main.m */ = {isa = PBXFileReference; lastKnownFileType = sourcecode.c.objc; path = main.m; sourceTree = "<group>"; };
		52A2774A1858913B00B102FF /* Promus-Prefix.pch */ = {isa = PBXFileReference; lastKnownFileType = sourcecode.c.h; path = "Promus-Prefix.pch"; sourceTree = "<group>"; };
		52A2774C1858913B00B102FF /* en */ = {isa = PBXFileReference; lastKnownFileType = text.rtf; name = en; path = en.lproj/Credits.rtf; sourceTree = "<group>"; };
		52A2774E1858913B00B102FF /* AppDelegate.h */ = {isa = PBXFileReference; lastKnownFileType = sourcecode.c.h; path = AppDelegate.h; sourceTree = "<group>"; };
		52A2774F1858913B00B102FF /* AppDelegate.m */ = {isa = PBXFileReference; lastKnownFileType = sourcecode.c.objc; path = AppDelegate.m; sourceTree = "<group>"; };
		52A277521858913B00B102FF /* en */ = {isa = PBXFileReference; lastKnownFileType = file.xib; name = en; path = en.lproj/MainMenu.xib; sourceTree = "<group>"; };
		52A2775D185891FA00B102FF /* MenuItems.h */ = {isa = PBXFileReference; fileEncoding = 4; lastKnownFileType = sourcecode.c.h; path = MenuItems.h; sourceTree = "<group>"; };
		52A2775E185891FA00B102FF /* MenuItems.m */ = {isa = PBXFileReference; fileEncoding = 4; lastKnownFileType = sourcecode.c.objc; path = MenuItems.m; sourceTree = "<group>"; };
		52A2775F185891FA00B102FF /* Menulet.h */ = {isa = PBXFileReference; fileEncoding = 4; lastKnownFileType = sourcecode.c.h; path = Menulet.h; sourceTree = "<group>"; };
		52A27760185891FA00B102FF /* Menulet.m */ = {isa = PBXFileReference; fileEncoding = 4; lastKnownFileType = sourcecode.c.objc; path = Menulet.m; sourceTree = "<group>"; };
		52A27761185891FA00B102FF /* Preferences.h */ = {isa = PBXFileReference; fileEncoding = 4; lastKnownFileType = sourcecode.c.h; path = Preferences.h; sourceTree = "<group>"; };
		52A27762185891FA00B102FF /* Preferences.m */ = {isa = PBXFileReference; fileEncoding = 4; lastKnownFileType = sourcecode.c.objc; path = Preferences.m; sourceTree = "<group>"; };
		52A27763185891FA00B102FF /* Tasks.h */ = {isa = PBXFileReference; fileEncoding = 4; lastKnownFileType = sourcecode.c.h; path = Tasks.h; sourceTree = "<group>"; };
		52A27764185891FA00B102FF /* Tasks.m */ = {isa = PBXFileReference; fileEncoding = 4; lastKnownFileType = sourcecode.c.objc; path = Tasks.m; sourceTree = "<group>"; };
		52A277691858920500B102FF /* Temps */ = {isa = PBXFileReference; lastKnownFileType = "compiled.mach-o.executable"; path = Temps; sourceTree = "<group>"; };
		52A2776A1858920500B102FF /* ** Swapfile.sh */ = {isa = PBXFileReference; fileEncoding = 4; lastKnownFileType = text.script.sh; path = "** Swapfile.sh"; sourceTree = "<group>"; };
		52A2776B1858920500B102FF /* CPUUsage.sh */ = {isa = PBXFileReference; fileEncoding = 4; lastKnownFileType = text.script.sh; path = CPUUsage.sh; sourceTree = "<group>"; };
		52A2776C1858920500B102FF /* Processes.sh */ = {isa = PBXFileReference; fileEncoding = 4; lastKnownFileType = text.script.sh; path = Processes.sh; sourceTree = "<group>"; };
		52A2776D1858920500B102FF /* DateTime.sh */ = {isa = PBXFileReference; fileEncoding = 4; lastKnownFileType = text.script.sh; path = DateTime.sh; sourceTree = "<group>"; };
		52A2776E1858920500B102FF /* IPAddress.sh */ = {isa = PBXFileReference; fileEncoding = 4; lastKnownFileType = text.script.sh; path = IPAddress.sh; sourceTree = "<group>"; };
		52A2776F1858920500B102FF /* MailIP.sh */ = {isa = PBXFileReference; fileEncoding = 4; lastKnownFileType = text.script.sh; path = MailIP.sh; sourceTree = "<group>"; };
		52A277701858920500B102FF /* Temperature.sh */ = {isa = PBXFileReference; fileEncoding = 4; lastKnownFileType = text.script.sh; path = Temperature.sh; sourceTree = "<group>"; };
		52A277711858920500B102FF /* Uptime.sh */ = {isa = PBXFileReference; fileEncoding = 4; lastKnownFileType = text.script.sh; path = Uptime.sh; sourceTree = "<group>"; };
		52A277721858920500B102FF /* UsedSpace.sh */ = {isa = PBXFileReference; fileEncoding = 4; lastKnownFileType = text.script.sh; path = UsedSpace.sh; sourceTree = "<group>"; };
		52A277731858920500B102FF /* Nice.sh */ = {isa = PBXFileReference; fileEncoding = 4; lastKnownFileType = text.script.sh; path = Nice.sh; sourceTree = "<group>"; };
		52A277741858920500B102FF /* CPU.sh */ = {isa = PBXFileReference; fileEncoding = 4; lastKnownFileType = text.script.sh; path = CPU.sh; sourceTree = "<group>"; };
		52A277751858920500B102FF /* RAM.sh */ = {isa = PBXFileReference; fileEncoding = 4; lastKnownFileType = text.script.sh; path = RAM.sh; sourceTree = "<group>"; };
		52A277831858926700B102FF /* Activity Monitor.png */ = {isa = PBXFileReference; lastKnownFileType = image.png; path = "Activity Monitor.png"; sourceTree = "<group>"; };
		52A277841858926700B102FF /* Batch Button.png */ = {isa = PBXFileReference; lastKnownFileType = image.png; path = "Batch Button.png"; sourceTree = "<group>"; };
		52A277851858926700B102FF /* Batch.tiff */ = {isa = PBXFileReference; lastKnownFileType = image.tiff; path = Batch.tiff; sourceTree = "<group>"; };
		52A277861858926700B102FF /* BigLock.png */ = {isa = PBXFileReference; lastKnownFileType = image.png; path = BigLock.png; sourceTree = "<group>"; };
		52A277871858926700B102FF /* Clean Button.png */ = {isa = PBXFileReference; lastKnownFileType = image.png; path = "Clean Button.png"; sourceTree = "<group>"; };
		52A277881858926700B102FF /* Clean.tiff */ = {isa = PBXFileReference; lastKnownFileType = image.tiff; path = Clean.tiff; sourceTree = "<group>"; };
		52A277891858926700B102FF /* Console.tiff */ = {isa = PBXFileReference; lastKnownFileType = image.tiff; path = Console.tiff; sourceTree = "<group>"; };
		52A2778A1858926700B102FF /* Deep Batch Button.png */ = {isa = PBXFileReference; lastKnownFileType = image.png; path = "Deep Batch Button.png"; sourceTree = "<group>"; };
		52A2778B1858926700B102FF /* Deep Batch.png */ = {isa = PBXFileReference; lastKnownFileType = image.png; path = "Deep Batch.png"; sourceTree = "<group>"; };
		52A2778C1858926700B102FF /* Deep Clean.png */ = {isa = PBXFileReference; lastKnownFileType = image.png; path = "Deep Clean.png"; sourceTree = "<group>"; };
		52A2778D1858926700B102FF /* General.tiff */ = {isa = PBXFileReference; lastKnownFileType = image.tiff; path = General.tiff; sourceTree = "<group>"; };
		52A2778E1858926700B102FF /* Maintance.png */ = {isa = PBXFileReference; lastKnownFileType = image.png; path = Maintance.png; sourceTree = "<group>"; };
		52A2778F1858926700B102FF /* Maintenance Button Pressed.png */ = {isa = PBXFileReference; lastKnownFileType = image.png; path = "Maintenance Button Pressed.png"; sourceTree = "<group>"; };
		52A277901858926700B102FF /* Maintenance Button.png */ = {isa = PBXFileReference; lastKnownFileType = image.png; path = "Maintenance Button.png"; sourceTree = "<group>"; };
		52A277911858926700B102FF /* Picture 1.png */ = {isa = PBXFileReference; lastKnownFileType = image.png; path = "Picture 1.png"; sourceTree = "<group>"; };
		52A277921858926700B102FF /* Reports.tiff */ = {isa = PBXFileReference; lastKnownFileType = image.tiff; path = Reports.tiff; sourceTree = "<group>"; };
		52A277931858926700B102FF /* Security.tiff */ = {isa = PBXFileReference; lastKnownFileType = image.tiff; path = Security.tiff; sourceTree = "<group>"; };
		52A277941858926700B102FF /* SoftwareUpdates.tiff */ = {isa = PBXFileReference; lastKnownFileType = image.tiff; path = SoftwareUpdates.tiff; sourceTree = "<group>"; };
		52A277951858926700B102FF /* StatusMenuIcon.tiff */ = {isa = PBXFileReference; lastKnownFileType = image.tiff; path = StatusMenuIcon.tiff; sourceTree = "<group>"; };
		52A277961858926700B102FF /* StatusMenuIconAlt.tiff */ = {isa = PBXFileReference; lastKnownFileType = image.tiff; path = StatusMenuIconAlt.tiff; sourceTree = "<group>"; };
		52A277971858926700B102FF /* Timer.tiff */ = {isa = PBXFileReference; lastKnownFileType = image.tiff; path = Timer.tiff; sourceTree = "<group>"; };
		52A277981858926700B102FF /* USE icon.icns */ = {isa = PBXFileReference; lastKnownFileType = image.icns; path = "USE icon.icns"; sourceTree = "<group>"; };
		52A277AF1858927E00B102FF /* LockClose.aif */ = {isa = PBXFileReference; lastKnownFileType = file; path = LockClose.aif; sourceTree = "<group>"; };
		52A277B01858927E00B102FF /* LockOpen.aif */ = {isa = PBXFileReference; lastKnownFileType = file; path = LockOpen.aif; sourceTree = "<group>"; };
		52B246831874418C007AE42E /* Dockless.sh */ = {isa = PBXFileReference; fileEncoding = 4; lastKnownFileType = text.script.sh; path = Dockless.sh; sourceTree = "<group>"; };
		52B24685187599E1007AE42E /* Dockfull.sh */ = {isa = PBXFileReference; fileEncoding = 4; lastKnownFileType = text.script.sh; path = Dockfull.sh; sourceTree = "<group>"; };
		52B7E87E185B4433002087EC /* com.use-software.Promus.plist */ = {isa = PBXFileReference; lastKnownFileType = file.bplist; path = "com.use-software.Promus.plist"; sourceTree = "<group>"; };
		52B7E882185F11F0002087EC /* ActivityMonitor.h */ = {isa = PBXFileReference; fileEncoding = 4; lastKnownFileType = sourcecode.c.h; path = ActivityMonitor.h; sourceTree = "<group>"; };
		52B7E883185F11F0002087EC /* ActivityMonitor.m */ = {isa = PBXFileReference; fileEncoding = 4; lastKnownFileType = sourcecode.c.objc; path = ActivityMonitor.m; sourceTree = "<group>"; };
		52B7E884185F11F0002087EC /* Snapshots.h */ = {isa = PBXFileReference; fileEncoding = 4; lastKnownFileType = sourcecode.c.h; path = Snapshots.h; sourceTree = "<group>"; };
		52B7E885185F11F0002087EC /* Snapshots.m */ = {isa = PBXFileReference; fileEncoding = 4; lastKnownFileType = sourcecode.c.objc; path = Snapshots.m; sourceTree = "<group>"; };
		52B7E888185F1205002087EC /* com.USE-Software.Promus.ActivityMonitorSaves.plist */ = {isa = PBXFileReference; fileEncoding = 4; lastKnownFileType = text.plist.xml; path = "com.USE-Software.Promus.ActivityMonitorSaves.plist"; sourceTree = "<group>"; };
		52B7E88C185F1B8C002087EC /* AMCPU.sh */ = {isa = PBXFileReference; fileEncoding = 4; lastKnownFileType = text.script.sh; path = AMCPU.sh; sourceTree = "<group>"; };
		52B7E88F185F1B8C002087EC /* AMNice.sh */ = {isa = PBXFileReference; fileEncoding = 4; lastKnownFileType = text.script.sh; path = AMNice.sh; sourceTree = "<group>"; };
		52B7E890185F1B8C002087EC /* AMProcesses.sh */ = {isa = PBXFileReference; fileEncoding = 4; lastKnownFileType = text.script.sh; path = AMProcesses.sh; sourceTree = "<group>"; };
		52B7E891185F1B8C002087EC /* AMRAM.sh */ = {isa = PBXFileReference; fileEncoding = 4; lastKnownFileType = text.script.sh; path = AMRAM.sh; sourceTree = "<group>"; };
		52C3964A1870912A007E2501 /* DuplicateScanner.pl */ = {isa = PBXFileReference; fileEncoding = 4; lastKnownFileType = text.script.perl; path = DuplicateScanner.pl; sourceTree = "<group>"; };
		52C3A49318A1698700BD87EA /* dsa_pub.pem */ = {isa = PBXFileReference; fileEncoding = 4; lastKnownFileType = text; path = dsa_pub.pem; sourceTree = "<group>"; };
/* End PBXFileReference section */

/* Begin PBXFrameworksBuildPhase section */
		52A277361858913B00B102FF /* Frameworks */ = {
			isa = PBXFrameworksBuildPhase;
			buildActionMask = 2147483647;
			files = (
				525422C619152ED900476112 /* Security.framework in Frameworks */,
				52A2773D1858913B00B102FF /* Cocoa.framework in Frameworks */,
				525422CA19152FF400476112 /* Sparkle.framework in Frameworks */,
			);
			runOnlyForDeploymentPostprocessing = 0;
		};
/* End PBXFrameworksBuildPhase section */

/* Begin PBXGroup section */
		52204ECF189E37EA002BD34E /* LetsMove */ = {
			isa = PBXGroup;
			children = (
				52204EC6189E37DB002BD34E /* PFMoveApplication.h */,
				52204EC7189E37DC002BD34E /* PFMoveApplication.m */,
				52204EC8189E37DE002BD34E /* LetsMoveAppDelegate.h */,
				52204EC9189E37DF002BD34E /* LetsMoveAppDelegate.m */,
				52204ECA189E37E0002BD34E /* NSString+SymlinksAndAliases.h */,
				52204ECB189E37E0002BD34E /* NSString+SymlinksAndAliases.m */,
			);
			name = LetsMove;
			sourceTree = "<group>";
		};
		52A277301858913B00B102FF = {
			isa = PBXGroup;
			children = (
				52A277421858913B00B102FF /* Promus */,
				52A2773B1858913B00B102FF /* Frameworks */,
				52A2773A1858913B00B102FF /* Products */,
			);
			sourceTree = "<group>";
		};
		52A2773A1858913B00B102FF /* Products */ = {
			isa = PBXGroup;
			children = (
				52A277391858913B00B102FF /* Promus.app */,
			);
			name = Products;
			sourceTree = "<group>";
		};
		52A2773B1858913B00B102FF /* Frameworks */ = {
			isa = PBXGroup;
			children = (
				525422C519152ED900476112 /* Security.framework */,
				52A2773C1858913B00B102FF /* Cocoa.framework */,
				52A2773E1858913B00B102FF /* Other Frameworks */,
			);
			name = Frameworks;
			sourceTree = "<group>";
		};
		52A2773E1858913B00B102FF /* Other Frameworks */ = {
			isa = PBXGroup;
			children = (
				525422C919152FF400476112 /* Sparkle.framework */,
				52A2773F1858913B00B102FF /* AppKit.framework */,
				52A277411858913B00B102FF /* Foundation.framework */,
			);
			name = "Other Frameworks";
			sourceTree = "<group>";
		};
		52A277421858913B00B102FF /* Promus */ = {
			isa = PBXGroup;
			children = (
				52A2774E1858913B00B102FF /* AppDelegate.h */,
				52A2774F1858913B00B102FF /* AppDelegate.m */,
				52A277511858913B00B102FF /* MainMenu.xib */,
				52A27759185891B500B102FF /* Classes */,
				52A2775A185891BE00B102FF /* Scripts */,
				52A2775B185891CF00B102FF /* Images */,
				52A2775C185891E400B102FF /* Sounds */,
				52A277431858913B00B102FF /* Supporting Files */,
			);
			path = Promus;
			sourceTree = "<group>";
		};
		52A277431858913B00B102FF /* Supporting Files */ = {
			isa = PBXGroup;
			children = (
				52C3A49318A1698700BD87EA /* dsa_pub.pem */,
				52B7E888185F1205002087EC /* com.USE-Software.Promus.ActivityMonitorSaves.plist */,
				52B7E87E185B4433002087EC /* com.use-software.Promus.plist */,
				52A277441858913B00B102FF /* Promus-Info.plist */,
				52A277451858913B00B102FF /* InfoPlist.strings */,
				52A277481858913B00B102FF /* main.m */,
				52A2774A1858913B00B102FF /* Promus-Prefix.pch */,
				52A2774B1858913B00B102FF /* Credits.rtf */,
			);
			name = "Supporting Files";
			sourceTree = "<group>";
		};
		52A27759185891B500B102FF /* Classes */ = {
			isa = PBXGroup;
			children = (
				52A2775D185891FA00B102FF /* MenuItems.h */,
				52A2775E185891FA00B102FF /* MenuItems.m */,
				52A2775F185891FA00B102FF /* Menulet.h */,
				52A27760185891FA00B102FF /* Menulet.m */,
				52A27761185891FA00B102FF /* Preferences.h */,
				52A27762185891FA00B102FF /* Preferences.m */,
				52A27763185891FA00B102FF /* Tasks.h */,
				52A27764185891FA00B102FF /* Tasks.m */,
				52B7E882185F11F0002087EC /* ActivityMonitor.h */,
				52B7E883185F11F0002087EC /* ActivityMonitor.m */,
				52B7E884185F11F0002087EC /* Snapshots.h */,
				52B7E885185F11F0002087EC /* Snapshots.m */,
				52204EC1189E356C002BD34E /* LogNavigatorWindowController.h */,
				52204EC2189E356C002BD34E /* LogNavigatorWindowController.m */,
				52204EC3189E356D002BD34E /* LogNavigatorWindowController.xib */,
				52204ED5189E7FF6002BD34E /* BuyBread.h */,
				52204ED6189E7FF7002BD34E /* BuyBread.m */,
				52204ED7189E7FF8002BD34E /* BuyBread.xib */,
				52204ECF189E37EA002BD34E /* LetsMove */,
			);
			name = Classes;
			sourceTree = "<group>";
		};
		52A2775A185891BE00B102FF /* Scripts */ = {
			isa = PBXGroup;
			children = (
				52B7E88C185F1B8C002087EC /* AMCPU.sh */,
				52B7E88F185F1B8C002087EC /* AMNice.sh */,
				52B7E890185F1B8C002087EC /* AMProcesses.sh */,
				52B7E891185F1B8C002087EC /* AMRAM.sh */,
				52A277691858920500B102FF /* Temps */,
				52C3964A1870912A007E2501 /* DuplicateScanner.pl */,
				52B246831874418C007AE42E /* Dockless.sh */,
				52B24685187599E1007AE42E /* Dockfull.sh */,
				52A2776A1858920500B102FF /* ** Swapfile.sh */,
				52A2776B1858920500B102FF /* CPUUsage.sh */,
				52A2776C1858920500B102FF /* Processes.sh */,
				52A2776D1858920500B102FF /* DateTime.sh */,
				52A2776E1858920500B102FF /* IPAddress.sh */,
				52A2776F1858920500B102FF /* MailIP.sh */,
				52A277701858920500B102FF /* Temperature.sh */,
				52A277711858920500B102FF /* Uptime.sh */,
				52A277721858920500B102FF /* UsedSpace.sh */,
				52A277731858920500B102FF /* Nice.sh */,
				52A277741858920500B102FF /* CPU.sh */,
				52A277751858920500B102FF /* RAM.sh */,
			);
			name = Scripts;
			sourceTree = "<group>";
		};
		52A2775B185891CF00B102FF /* Images */ = {
			isa = PBXGroup;
			children = (
				520909941878AEEB00385605 /* SentMailboxLarge.png */,
				520909901876AFCF00385605 /* Customize.tiff */,
				52A277831858926700B102FF /* Activity Monitor.png */,
				52A277841858926700B102FF /* Batch Button.png */,
				52A277851858926700B102FF /* Batch.tiff */,
				52A277861858926700B102FF /* BigLock.png */,
				52A277871858926700B102FF /* Clean Button.png */,
				52A277881858926700B102FF /* Clean.tiff */,
				52A277891858926700B102FF /* Console.tiff */,
				52A2778A1858926700B102FF /* Deep Batch Button.png */,
				52A2778B1858926700B102FF /* Deep Batch.png */,
				52A2778C1858926700B102FF /* Deep Clean.png */,
				52A2778D1858926700B102FF /* General.tiff */,
				52A2778E1858926700B102FF /* Maintance.png */,
				52A2778F1858926700B102FF /* Maintenance Button Pressed.png */,
				52A277901858926700B102FF /* Maintenance Button.png */,
				52A277911858926700B102FF /* Picture 1.png */,
				52A277921858926700B102FF /* Reports.tiff */,
				52A277931858926700B102FF /* Security.tiff */,
				52A277941858926700B102FF /* SoftwareUpdates.tiff */,
				52A277951858926700B102FF /* StatusMenuIcon.tiff */,
				52A277961858926700B102FF /* StatusMenuIconAlt.tiff */,
				52A277971858926700B102FF /* Timer.tiff */,
				52A277981858926700B102FF /* USE icon.icns */,
			);
			name = Images;
			sourceTree = "<group>";
		};
		52A2775C185891E400B102FF /* Sounds */ = {
			isa = PBXGroup;
			children = (
				52A277AF1858927E00B102FF /* LockClose.aif */,
				52A277B01858927E00B102FF /* LockOpen.aif */,
			);
			name = Sounds;
			sourceTree = "<group>";
		};
/* End PBXGroup section */

/* Begin PBXNativeTarget section */
		52A277381858913B00B102FF /* Promus */ = {
			isa = PBXNativeTarget;
			buildConfigurationList = 52A277561858913B00B102FF /* Build configuration list for PBXNativeTarget "Promus" */;
			buildPhases = (
				52A277351858913B00B102FF /* Sources */,
				52A277361858913B00B102FF /* Frameworks */,
				52A277371858913B00B102FF /* Resources */,
			);
			buildRules = (
			);
			dependencies = (
			);
			name = Promus;
			productName = Promus;
			productReference = 52A277391858913B00B102FF /* Promus.app */;
			productType = "com.apple.product-type.application";
		};
/* End PBXNativeTarget section */

/* Begin PBXProject section */
		52A277311858913B00B102FF /* Project object */ = {
			isa = PBXProject;
			attributes = {
				LastUpgradeCheck = 0460;
				ORGANIZATIONNAME = "USE-Software";
			};
			buildConfigurationList = 52A277341858913B00B102FF /* Build configuration list for PBXProject "Promus" */;
			compatibilityVersion = "Xcode 3.2";
			developmentRegion = English;
			hasScannedForEncodings = 0;
			knownRegions = (
				en,
			);
			mainGroup = 52A277301858913B00B102FF;
			productRefGroup = 52A2773A1858913B00B102FF /* Products */;
			projectDirPath = "";
			projectRoot = "";
			targets = (
				52A277381858913B00B102FF /* Promus */,
			);
		};
/* End PBXProject section */

/* Begin PBXResourcesBuildPhase section */
		52A277371858913B00B102FF /* Resources */ = {
			isa = PBXResourcesBuildPhase;
			buildActionMask = 2147483647;
			files = (
				52A277471858913B00B102FF /* InfoPlist.strings in Resources */,
				52A2774D1858913B00B102FF /* Credits.rtf in Resources */,
				52A277531858913B00B102FF /* MainMenu.xib in Resources */,
				52A277761858920500B102FF /* Temps in Resources */,
				52A277771858920500B102FF /* ** Swapfile.sh in Resources */,
				52A277781858920500B102FF /* CPUUsage.sh in Resources */,
				52A277791858920500B102FF /* Processes.sh in Resources */,
				52A2777A1858920500B102FF /* DateTime.sh in Resources */,
				52A2777B1858920500B102FF /* IPAddress.sh in Resources */,
				52A2777C1858920500B102FF /* MailIP.sh in Resources */,
				52A2777D1858920500B102FF /* Temperature.sh in Resources */,
				52A2777E1858920500B102FF /* Uptime.sh in Resources */,
				52A2777F1858920500B102FF /* UsedSpace.sh in Resources */,
				52A277801858920500B102FF /* Nice.sh in Resources */,
				52A277811858920500B102FF /* CPU.sh in Resources */,
				52A277821858920500B102FF /* RAM.sh in Resources */,
				52A277991858926700B102FF /* Activity Monitor.png in Resources */,
				52A2779A1858926700B102FF /* Batch Button.png in Resources */,
				52A2779B1858926700B102FF /* Batch.tiff in Resources */,
				52A2779C1858926700B102FF /* BigLock.png in Resources */,
				52A2779D1858926700B102FF /* Clean Button.png in Resources */,
				52A2779E1858926700B102FF /* Clean.tiff in Resources */,
				52A2779F1858926700B102FF /* Console.tiff in Resources */,
				52A277A01858926700B102FF /* Deep Batch Button.png in Resources */,
				52A277A11858926700B102FF /* Deep Batch.png in Resources */,
				52A277A21858926700B102FF /* Deep Clean.png in Resources */,
				52A277A31858926700B102FF /* General.tiff in Resources */,
				52A277A41858926700B102FF /* Maintance.png in Resources */,
				52A277A51858926700B102FF /* Maintenance Button Pressed.png in Resources */,
				52A277A61858926700B102FF /* Maintenance Button.png in Resources */,
				52A277A71858926700B102FF /* Picture 1.png in Resources */,
				52A277A81858926700B102FF /* Reports.tiff in Resources */,
				52A277A91858926700B102FF /* Security.tiff in Resources */,
				52A277AA1858926700B102FF /* SoftwareUpdates.tiff in Resources */,
				52A277AB1858926700B102FF /* StatusMenuIcon.tiff in Resources */,
				52A277AC1858926700B102FF /* StatusMenuIconAlt.tiff in Resources */,
				52A277AD1858926700B102FF /* Timer.tiff in Resources */,
				52A277B11858927E00B102FF /* LockClose.aif in Resources */,
				52A277B21858927E00B102FF /* LockOpen.aif in Resources */,
				52B7E87F185B4433002087EC /* com.use-software.Promus.plist in Resources */,
				52B7E889185F1205002087EC /* com.USE-Software.Promus.ActivityMonitorSaves.plist in Resources */,
				52B7E893185F1B8C002087EC /* AMCPU.sh in Resources */,
				52B7E896185F1B8C002087EC /* AMNice.sh in Resources */,
				52B7E897185F1B8C002087EC /* AMProcesses.sh in Resources */,
				52B7E898185F1B8C002087EC /* AMRAM.sh in Resources */,
				52C3964B1870912A007E2501 /* DuplicateScanner.pl in Resources */,
				52B246841874418C007AE42E /* Dockless.sh in Resources */,
				52B24686187599E1007AE42E /* Dockfull.sh in Resources */,
				520909911876AFCF00385605 /* Customize.tiff in Resources */,
				520909951878AEEB00385605 /* SentMailboxLarge.png in Resources */,
				52204EC5189E356E002BD34E /* LogNavigatorWindowController.xib in Resources */,
				52204ED9189E7FF8002BD34E /* BuyBread.xib in Resources */,
				52C3A49418A1698700BD87EA /* dsa_pub.pem in Resources */,
			);
			runOnlyForDeploymentPostprocessing = 0;
		};
/* End PBXResourcesBuildPhase section */

/* Begin PBXSourcesBuildPhase section */
		52A277351858913B00B102FF /* Sources */ = {
			isa = PBXSourcesBuildPhase;
			buildActionMask = 2147483647;
			files = (
				52A277491858913B00B102FF /* main.m in Sources */,
				52A277501858913B00B102FF /* AppDelegate.m in Sources */,
				52A27765185891FA00B102FF /* MenuItems.m in Sources */,
				52A27766185891FA00B102FF /* Menulet.m in Sources */,
				52A27767185891FA00B102FF /* Preferences.m in Sources */,
				52A27768185891FA00B102FF /* Tasks.m in Sources */,
				52B7E886185F11F0002087EC /* ActivityMonitor.m in Sources */,
				52B7E887185F11F0002087EC /* Snapshots.m in Sources */,
				52204EC4189E356E002BD34E /* LogNavigatorWindowController.m in Sources */,
				52204ECC189E37E1002BD34E /* PFMoveApplication.m in Sources */,
				52204ECD189E37E1002BD34E /* LetsMoveAppDelegate.m in Sources */,
				52204ECE189E37E1002BD34E /* NSString+SymlinksAndAliases.m in Sources */,
				52204ED8189E7FF8002BD34E /* BuyBread.m in Sources */,
			);
			runOnlyForDeploymentPostprocessing = 0;
		};
/* End PBXSourcesBuildPhase section */

/* Begin PBXVariantGroup section */
		52A277451858913B00B102FF /* InfoPlist.strings */ = {
			isa = PBXVariantGroup;
			children = (
				52A277461858913B00B102FF /* en */,
			);
			name = InfoPlist.strings;
			sourceTree = "<group>";
		};
		52A2774B1858913B00B102FF /* Credits.rtf */ = {
			isa = PBXVariantGroup;
			children = (
				52A2774C1858913B00B102FF /* en */,
			);
			name = Credits.rtf;
			sourceTree = "<group>";
		};
		52A277511858913B00B102FF /* MainMenu.xib */ = {
			isa = PBXVariantGroup;
			children = (
				52A277521858913B00B102FF /* en */,
			);
			name = MainMenu.xib;
			sourceTree = "<group>";
		};
/* End PBXVariantGroup section */

/* Begin XCBuildConfiguration section */
		52A277541858913B00B102FF /* Debug */ = {
			isa = XCBuildConfiguration;
			buildSettings = {
				ALWAYS_SEARCH_USER_PATHS = NO;
				ARCHS = "$(ARCHS_STANDARD_64_BIT)";
				CLANG_CXX_LANGUAGE_STANDARD = "gnu++0x";
				CLANG_CXX_LIBRARY = "libc++";
				CLANG_ENABLE_OBJC_ARC = YES;
				CLANG_WARN_CONSTANT_CONVERSION = YES;
				CLANG_WARN_EMPTY_BODY = YES;
				CLANG_WARN_ENUM_CONVERSION = YES;
				CLANG_WARN_INT_CONVERSION = YES;
				CLANG_WARN__DUPLICATE_METHOD_MATCH = YES;
				COPY_PHASE_STRIP = NO;
				GCC_C_LANGUAGE_STANDARD = gnu99;
				GCC_DYNAMIC_NO_PIC = NO;
				GCC_ENABLE_OBJC_EXCEPTIONS = YES;
				GCC_OPTIMIZATION_LEVEL = 0;
				GCC_PREPROCESSOR_DEFINITIONS = (
					"DEBUG=1",
					"$(inherited)",
				);
				GCC_SYMBOLS_PRIVATE_EXTERN = NO;
				GCC_WARN_64_TO_32_BIT_CONVERSION = YES;
				GCC_WARN_ABOUT_RETURN_TYPE = YES;
				GCC_WARN_UNINITIALIZED_AUTOS = YES;
				GCC_WARN_UNUSED_VARIABLE = YES;
				MACOSX_DEPLOYMENT_TARGET = 10.7;
				ONLY_ACTIVE_ARCH = YES;
				SDKROOT = macosx;
			};
			name = Debug;
		};
		52A277551858913B00B102FF /* Release */ = {
			isa = XCBuildConfiguration;
			buildSettings = {
				ALWAYS_SEARCH_USER_PATHS = NO;
				ARCHS = "$(ARCHS_STANDARD_64_BIT)";
				CLANG_CXX_LANGUAGE_STANDARD = "gnu++0x";
				CLANG_CXX_LIBRARY = "libc++";
				CLANG_ENABLE_OBJC_ARC = YES;
				CLANG_WARN_CONSTANT_CONVERSION = YES;
				CLANG_WARN_EMPTY_BODY = YES;
				CLANG_WARN_ENUM_CONVERSION = YES;
				CLANG_WARN_INT_CONVERSION = YES;
				CLANG_WARN__DUPLICATE_METHOD_MATCH = YES;
				COPY_PHASE_STRIP = YES;
				DEBUG_INFORMATION_FORMAT = "dwarf-with-dsym";
				GCC_C_LANGUAGE_STANDARD = gnu99;
				GCC_ENABLE_OBJC_EXCEPTIONS = YES;
				GCC_WARN_64_TO_32_BIT_CONVERSION = YES;
				GCC_WARN_ABOUT_RETURN_TYPE = YES;
				GCC_WARN_UNINITIALIZED_AUTOS = YES;
				GCC_WARN_UNUSED_VARIABLE = YES;
				MACOSX_DEPLOYMENT_TARGET = 10.7;
				SDKROOT = macosx;
			};
			name = Release;
		};
		52A277571858913B00B102FF /* Debug */ = {
			isa = XCBuildConfiguration;
			buildSettings = {
				ARCHS = "$(ARCHS_STANDARD_32_64_BIT)";
				COMBINE_HIDPI_IMAGES = YES;
				FRAMEWORK_SEARCH_PATHS = (
					"$(inherited)",
					"\"$(SRCROOT)\"",
				);
				GCC_PRECOMPILE_PREFIX_HEADER = YES;
				GCC_PREFIX_HEADER = "Promus/Promus-Prefix.pch";
				IBC_ERRORS = YES;
				IBC_NOTICES = YES;
				IBC_WARNINGS = YES;
				INFOPLIST_FILE = "Promus/Promus-Info.plist";
				OTHER_LDFLAGS = "";
				PRODUCT_NAME = "$(TARGET_NAME)";
				SDKROOT = "";
				WRAPPER_EXTENSION = app;
			};
			name = Debug;
		};
		52A277581858913B00B102FF /* Release */ = {
			isa = XCBuildConfiguration;
			buildSettings = {
				ARCHS = "$(ARCHS_STANDARD_32_64_BIT)";
				COMBINE_HIDPI_IMAGES = YES;
				FRAMEWORK_SEARCH_PATHS = (
					"$(inherited)",
					"\"$(SRCROOT)\"",
				);
				GCC_PRECOMPILE_PREFIX_HEADER = YES;
				GCC_PREFIX_HEADER = "Promus/Promus-Prefix.pch";
				IBC_ERRORS = YES;
				IBC_NOTICES = YES;
				IBC_WARNINGS = YES;
				INFOPLIST_FILE = "Promus/Promus-Info.plist";
				OTHER_LDFLAGS = "";
				PRODUCT_NAME = "$(TARGET_NAME)";
				SDKROOT = "";
				WRAPPER_EXTENSION = app;
			};
			name = Release;
		};
/* End XCBuildConfiguration section */

/* Begin XCConfigurationList section */
		52A277341858913B00B102FF /* Build configuration list for PBXProject "Promus" */ = {
			isa = XCConfigurationList;
			buildConfigurations = (
				52A277541858913B00B102FF /* Debug */,
				52A277551858913B00B102FF /* Release */,
			);
			defaultConfigurationIsVisible = 0;
			defaultConfigurationName = Release;
		};
		52A277561858913B00B102FF /* Build configuration list for PBXNativeTarget "Promus" */ = {
			isa = XCConfigurationList;
			buildConfigurations = (
				52A277571858913B00B102FF /* Debug */,
				52A277581858913B00B102FF /* Release */,
			);
			defaultConfigurationIsVisible = 0;
			defaultConfigurationName = Release;
		};
/* End XCConfigurationList section */
	};
	rootObject = 52A277311858913B00B102FF /* Project object */;
}
